
Microsoft Visual Studio Solution File, Format Version 12.00
# Visual Studio 15
VisualStudioVersion = 15.0.27703.2018
MinimumVisualStudioVersion = 10.0.40219.1
Project("{FAE04EC0-301F-11D3-BF4B-00C04F79EFBC}") = "CanCloseSample", "CanCloseSample\CanCloseSample.csproj", "{50EE17E4-C995-4EE4-998A-3456BFD25F1A}"
EndProject
Project("{FAE04EC0-301F-11D3-BF4B-00C04F79EFBC}") = "CanCloseLibMvvm", "CanCloseLibMvvm\CanCloseLibMvvm.csproj", "{EBF90046-8AD5-4059-AEDE-C59559258BBE}"
EndProject
Global
	GlobalSection(SolutionConfigurationPlatforms) = preSolution
		Debug|Any CPU = Debug|Any CPU
		Release|Any CPU = Release|Any CPU
	EndGlobalSection
	GlobalSection(ProjectConfigurationPlatforms) = postSolution
		{50EE17E4-C995-4EE4-998A-3456BFD25F1A}.Debug|Any CPU.ActiveCfg = Debug|Any CPU
		{50EE17E4-C995-4EE4-998A-3456BFD25F1A}.Debug|Any CPU.Build.0 = Debug|Any CPU
		{50EE17E4-C995-4EE4-998A-3456BFD25F1A}.Release|Any CPU.ActiveCfg = Release|Any CPU
		{50EE17E4-C995-4EE4-998A-3456BFD25F1A}.Release|Any CPU.Build.0 = Release|Any CPU
		{EBF90046-8AD5-4059-AEDE-C59559258BBE}.Debug|Any CPU.ActiveCfg = Debug|Any CPU
		{EBF90046-8AD5-4059-AEDE-C59559258BBE}.Debug|Any CPU.Build.0 = Debug|Any CPU
		{EBF90046-8AD5-4059-AEDE-C59559258BBE}.Release|Any CPU.ActiveCfg = Release|Any CPU
		{EBF90046-8AD5-4059-AEDE-C59559258BBE}.Release|Any CPU.Build.0 = Release|Any CPU
	EndGlobalSection
	GlobalSection(SolutionProperties) = preSolution
		HideSolutionNode = FALSE
	EndGlobalSection
	GlobalSection(ExtensibilityGlobals) = postSolution
		SolutionGuid = {73586C08-092A-4CC1-88DA-85F2E7344AAC}
	EndGlobalSection
EndGlobal
